{
  "lockfile_version": "1",
  "packages": {
    "direnv@2.37.1": {
      "last_modified": "2026-02-23T15:40:43Z",
      "resolved": "github:NixOS/nixpkgs/80d901ec0377e19ac3f7bb8c035201e2e098cc97#direnv",
      "source": "devbox-search",
      "version": "2.37.1",
      "systems": {
        "aarch64-darwin": {
          "outputs": [
            {
              "name": "out",
              "path": "/nix/store/z4vvjsrdrg65jfkh0nbz5d47cml8rgmh-direnv-2.37.1",
              "default": true
            }
          ],
          "store_path": "/nix/store/z4vvjsrdrg65jfkh0nbz5d47cml8rgmh-direnv-2.37.1"
        },
        "aarch64-linux": {
          "outputs": [
            {
              "name": "out",
              "path": "/nix/store/2ksrc6nc7c4yavq3hl0g97i0w7368xnb-direnv-2.37.1",
              "default": true
            }
          ],
          "store_path": "/nix/store/2ksrc6nc7c4yavq3hl0g97i0w7368xnb-direnv-2.37.1"
        },
        "x86_64-darwin": {
          "outputs": [
            {
              "name": "out",
              "path": "/nix/store/midrr14abk8gpyw049mq4z0zr1i0rmvv-direnv-2.37.1",
              "default": true
            }
          ],
          "store_path": "/nix/store/midrr14abk8gpyw049mq4z0zr1i0rmvv-direnv-2.37.1"
        },
        "x86_64-linux": {
          "outputs": [
            {
              "name": "out",
              "path": "/nix/store/facg208fw2bgsg7w0f13k5iwkp8lnsi4-direnv-2.37.1",
              "default": true
            }
          ],
          "store_path": "/nix/store/facg208fw2bgsg7w0f13k5iwkp8lnsi4-direnv-2.37.1"
        }
      }
    },
    "flyctl": {
      "resolved": "github:NixOS/nixpkgs/75a52265bda7fd25e06e3a67dee3f0354e73243c#flyctl",
      "source": "nixpkg",
      "systems": {
        "aarch64-darwin": {
          "outputs": [
            {
              "path": "/nix/store/nxpbdbfrsih7c47q0aihzxbp0klbp1jv-flyctl-0.1.104",
              "default": true
            }
          ]
        },
        "x86_64-linux": {
          "outputs": [
            {
              "path": "/tmp/containerbase/cache/nix/store/ivjqm3qrlcifcf795lr02cxaxrv4ccb3-flyctl-0.1.104",
              "default": true
            }
          ]
        }
      }
    },
    "github:NixOS/nixpkgs/nixpkgs-unstable": {
      "last_modified": "2026-02-26T05:06:13Z",
      "resolved": "github:NixOS/nixpkgs/26eaeac4e409d7b5a6bf6f90a2a2dc223c78d915?lastModified=1772082373&narHash=sha256-wySf8a6hvuqgFdwvvzPPTARBCMLDz7WFAufGkllD1M4%3D"
    },
    "go-task@3.45.5": {
      "last_modified": "2026-01-23T17:20:52Z",
      "resolved": "github:NixOS/nixpkgs/a1bab9e494f5f4939442a57a58d0449a109593fe#go-task",
      "source": "devbox-search",
      "version": "3.45.5",
      "systems": {
        "aarch64-darwin": {
          "outputs": [
            {
              "name": "out",
              "path": "/nix/store/siijbf12pnf32gx7mjixfbv9388h2wrl-go-task-3.45.5",
              "default": true
            }
          ],
          "store_path": "/nix/store/siijbf12pnf32gx7mjixfbv9388h2wrl-go-task-3.45.5"
        },
        "aarch64-linux": {
          "outputs": [
            {
              "name": "out",
              "path": "/nix/store/bz644gcz6r6z0ih6r7njxj9disqzf1z6-go-task-3.45.5",
              "default": true
            }
          ],
          "store_path": "/nix/store/bz644gcz6r6z0ih6r7njxj9disqzf1z6-go-task-3.45.5"
        },
        "x86_64-darwin": {
          "outputs": [
            {
              "name": "out",
              "path": "/nix/store/qb65b2d47v84cj48ldppv2mwnqkla52z-go-task-3.45.5",
              "default": true
            }
          ],
          "store_path": "/nix/store/qb65b2d47v84cj48ldppv2mwnqkla52z-go-task-3.45.5"
        },
        "x86_64-linux": {
          "outputs": [
            {
              "name": "out",
              "path": "/nix/store/hwhz6lp5y525yf4jr92q83n2y4swapby-go-task-3.45.5",
              "default": true
            }
          ],
          "store_path": "/nix/store/hwhz6lp5y525yf4jr92q83n2y4swapby-go-task-3.45.5"
        }
      }
    },
    "go@1.25.5": {
      "last_modified": "2026-01-23T17:20:52Z",
      "resolved": "github:NixOS/nixpkgs/a1bab9e494f5f4939442a57a58d0449a109593fe#go",
      "source": "devbox-search",
      "version": "1.25.5",
      "systems": {
        "aarch64-darwin": {
          "outputs": [
            {
              "name": "out",
              "path": "/nix/store/wh88zz6r1ihcp2mm7ys1f2anp8aga6n2-go-1.25.5",
              "default": true
            }
          ],
          "store_path": "/nix/store/wh88zz6r1ihcp2mm7ys1f2anp8aga6n2-go-1.25.5"
        },
        "aarch64-linux": {
          "outputs": [
            {
              "name": "out",
              "path": "/nix/store/k3knzdi0v21bf2m7vcxpdy1jnqg1h0zk-go-1.25.5",
              "default": true
            }
          ],
          "store_path": "/nix/store/k3knzdi0v21bf2m7vcxpdy1jnqg1h0zk-go-1.25.5"
        },
        "x86_64-darwin": {
          "outputs": [
            {
              "name": "out",
              "path": "/nix/store/bwdahzajhqd5x14dbvkqww5f1wpsxif3-go-1.25.5",
              "default": true
            }
          ],
          "store_path": "/nix/store/bwdahzajhqd5x14dbvkqww5f1wpsxif3-go-1.25.5"
        },
        "x86_64-linux": {
          "outputs": [
            {
              "name": "out",
              "path": "/nix/store/zzvsjgylnphvhms3lgr2qlwdxmc68z66-go-1.25.5",
              "default": true
            }
          ],
          "store_path": "/nix/store/zzvsjgylnphvhms3lgr2qlwdxmc68z66-go-1.25.5"
        }
      }
    },
    "mkcert@1.4.4": {
      "last_modified": "2026-02-23T15:40:43Z",
      "resolved": "github:NixOS/nixpkgs/80d901ec0377e19ac3f7bb8c035201e2e098cc97#mkcert",
      "source": "devbox-search",
      "version": "1.4.4",
      "systems": {
        "aarch64-darwin": {
          "outputs": [
            {
              "name": "out",
              "path": "/nix/store/zkwg5zmdg9bm33z9dzljrqhxnqs6kwih-mkcert-1.4.4",
              "default": true
            }
          ],
          "store_path": "/nix/store/zkwg5zmdg9bm33z9dzljrqhxnqs6kwih-mkcert-1.4.4"
        },
        "aarch64-linux": {
          "outputs": [
            {
              "name": "out",
              "path": "/nix/store/f5h0ncs93spd0yss4k60r005idsza9l1-mkcert-1.4.4",
              "default": true
            }
          ],
          "store_path": "/nix/store/f5h0ncs93spd0yss4k60r005idsza9l1-mkcert-1.4.4"
        },
        "x86_64-darwin": {
          "outputs": [
            {
              "name": "out",
              "path": "/nix/store/51ch8yndadv8rrzbjk79gi881p1164j2-mkcert-1.4.4",
              "default": true
            }
          ],
          "store_path": "/nix/store/51ch8yndadv8rrzbjk79gi881p1164j2-mkcert-1.4.4"
        },
        "x86_64-linux": {
          "outputs": [
            {
              "name": "out",
              "path": "/nix/store/ks5zf854ablmdi6snab39cgc29dqbj6l-mkcert-1.4.4",
              "default": true
            }
          ],
          "store_path": "/nix/store/ks5zf854ablmdi6snab39cgc29dqbj6l-mkcert-1.4.4"
        }
      }
    },
    "php84Extensions.redis@6.3.0": {
      "last_modified": "2026-02-23T15:40:43Z",
      "resolved": "github:NixOS/nixpkgs/80d901ec0377e19ac3f7bb8c035201e2e098cc97#php84Extensions.redis",
      "source": "devbox-search",
      "version": "6.3.0",
      "systems": {
        "aarch64-darwin": {
          "outputs": [
            {
              "name": "out",
              "path": "/nix/store/rbnn69kb2j42vcz361x3zhm7fvsb89rk-php-redis-6.3.0",
              "default": true
            }
          ],
          "store_path": "/nix/store/rbnn69kb2j42vcz361x3zhm7fvsb89rk-php-redis-6.3.0"
        },
        "aarch64-linux": {
          "outputs": [
            {
              "name": "out",
              "path": "/nix/store/pnkghbfxls1cyswmrvpks7kw64zavn4y-php-redis-6.3.0",
              "default": true
            }
          ],
          "store_path": "/nix/store/pnkghbfxls1cyswmrvpks7kw64zavn4y-php-redis-6.3.0"
        },
        "x86_64-darwin": {
          "outputs": [
            {
              "name": "out",
              "path": "/nix/store/0rr2m3mq0zmmdpksxz8mpbdz58npn04y-php-redis-6.3.0",
              "default": true
            }
          ],
          "store_path": "/nix/store/0rr2m3mq0zmmdpksxz8mpbdz58npn04y-php-redis-6.3.0"
        },
        "x86_64-linux": {
          "outputs": [
            {
              "name": "out",
              "path": "/nix/store/w5ns2inf8viczqklwzbga3dh6qc03sqk-php-redis-6.3.0",
              "default": true
            }
          ],
          "store_path": "/nix/store/w5ns2inf8viczqklwzbga3dh6qc03sqk-php-redis-6.3.0"
        }
      }
    },
    "php84Extensions.xdebug@3.5.1": {
      "last_modified": "2026-02-23T15:40:43Z",
      "resolved": "github:NixOS/nixpkgs/80d901ec0377e19ac3f7bb8c035201e2e098cc97#php84Extensions.xdebug",
      "source": "devbox-search",
      "version": "3.5.1",
      "systems": {
        "aarch64-darwin": {
          "outputs": [
            {
              "name": "out",
              "path": "/nix/store/nyx860103s74fbvcnf9zjn1nj1g4w2gb-php-xdebug-3.5.1",
              "default": true
            }
          ],
          "store_path": "/nix/store/nyx860103s74fbvcnf9zjn1nj1g4w2gb-php-xdebug-3.5.1"
        },
        "aarch64-linux": {
          "outputs": [
            {
              "name": "out",
              "path": "/nix/store/3afmj3z16jdmy29c4x6a309jknbnips6-php-xdebug-3.5.1",
              "default": true
            }
          ],
          "store_path": "/nix/store/3afmj3z16jdmy29c4x6a309jknbnips6-php-xdebug-3.5.1"
        },
        "x86_64-darwin": {
          "outputs": [
            {
              "name": "out",
              "path": "/nix/store/90pglkkqk73qlm1xg0v5f87lnf0jc5fs-php-xdebug-3.5.1",
              "default": true
            }
          ],
          "store_path": "/nix/store/90pglkkqk73qlm1xg0v5f87lnf0jc5fs-php-xdebug-3.5.1"
        },
        "x86_64-linux": {
          "outputs": [
            {
              "name": "out",
              "path": "/nix/store/6i20n6qyiiv7ky9fj5ngq35v92fvdks1-php-xdebug-3.5.1",
              "default": true
            }
          ],
          "store_path": "/nix/store/6i20n6qyiiv7ky9fj5ngq35v92fvdks1-php-xdebug-3.5.1"
        }
      }
    },
    "php@8.5.3": {
      "last_modified": "2026-02-13T23:34:13Z",
      "plugin_version": "0.0.3",
      "resolved": "github:NixOS/nixpkgs/7d2ae6d8b8b697b5114a4249d0d958ee5f23d8fe#php85",
      "source": "devbox-search",
      "version": "8.5.3",
      "systems": {
        "aarch64-darwin": {
          "outputs": [
            {
              "name": "out",
              "path": "/nix/store/kcalpd4gh17jjmvcrdqd3vq1g519ckz9-php-with-extensions-8.5.3",
              "default": true
            }
          ],
          "store_path": "/nix/store/kcalpd4gh17jjmvcrdqd3vq1g519ckz9-php-with-extensions-8.5.3"
        },
        "aarch64-linux": {
          "outputs": [
            {
              "name": "out",
              "path": "/nix/store/vf2i2lmzvghqvzhmfbz7ym2dand43krz-php-with-extensions-8.5.3",
              "default": true
            }
          ],
          "store_path": "/nix/store/vf2i2lmzvghqvzhmfbz7ym2dand43krz-php-with-extensions-8.5.3"
        },
        "x86_64-darwin": {
          "outputs": [
            {
              "name": "out",
              "path": "/nix/store/i9id3zkd3qffgc7dg5w56s6xrh5fdl40-php-with-extensions-8.5.3",
              "default": true
            }
          ],
          "store_path": "/nix/store/i9id3zkd3qffgc7dg5w56s6xrh5fdl40-php-with-extensions-8.5.3"
        },
        "x86_64-linux": {
          "outputs": [
            {
              "name": "out",
              "path": "/nix/store/kazsphq8nsn2bkkkdzhf719f1rl2rrvz-php-with-extensions-8.5.3",
              "default": true
            }
          ],
          "store_path": "/nix/store/kazsphq8nsn2bkkkdzhf719f1rl2rrvz-php-with-extensions-8.5.3"
        }
      }
    },
    "symfony-cli@5.16.1": {
      "last_modified": "2026-02-23T15:40:43Z",
      "resolved": "github:NixOS/nixpkgs/80d901ec0377e19ac3f7bb8c035201e2e098cc97#symfony-cli",
      "source": "devbox-search",
      "version": "5.16.1",
      "systems": {
        "aarch64-darwin": {
          "outputs": [
            {
              "name": "out",
              "path": "/nix/store/iq6559spv4a3dm4iw9wpxd2s4f2ajm1s-symfony-cli-5.16.1",
              "default": true
            }
          ],
          "store_path": "/nix/store/iq6559spv4a3dm4iw9wpxd2s4f2ajm1s-symfony-cli-5.16.1"
        },
        "aarch64-linux": {
          "outputs": [
            {
              "name": "out",
              "path": "/nix/store/nlmianndkvs538dznxfb97n5nmcgbk7y-symfony-cli-5.16.1",
              "default": true
            }
          ],
          "store_path": "/nix/store/nlmianndkvs538dznxfb97n5nmcgbk7y-symfony-cli-5.16.1"
        },
        "x86_64-darwin": {
          "outputs": [
            {
              "name": "out",
              "path": "/nix/store/8nhjjy593dcdmn3p8xr31ch13zsibpjw-symfony-cli-5.16.1",
              "default": true
            }
          ],
          "store_path": "/nix/store/8nhjjy593dcdmn3p8xr31ch13zsibpjw-symfony-cli-5.16.1"
        },
        "x86_64-linux": {
          "outputs": [
            {
              "name": "out",
              "path": "/nix/store/kcwly9x4w7626gj5insy9myldhq09qw7-symfony-cli-5.16.1",
              "default": true
            }
          ],
          "store_path": "/nix/store/kcwly9x4w7626gj5insy9myldhq09qw7-symfony-cli-5.16.1"
        }
      }
    },
    "uv@0.9.30": {
      "last_modified": "2026-02-06T12:24:04Z",
      "resolved": "github:NixOS/nixpkgs/ae67888ff7ef9dff69b3cf0cc0fbfbcd3a722abe#uv",
      "source": "devbox-search",
      "version": "0.9.30",
      "systems": {
        "aarch64-darwin": {
          "outputs": [
            {
              "name": "out",
              "path": "/nix/store/nbfljnh83rajlxq6c67h7x4z6j684sm1-uv-0.9.30",
              "default": true
            }
          ],
          "store_path": "/nix/store/nbfljnh83rajlxq6c67h7x4z6j684sm1-uv-0.9.30"
        },
        "aarch64-linux": {
          "outputs": [
            {
              "name": "out",
              "path": "/nix/store/6mms7wdm4idyii2cxnsv9w58krq5jmzl-uv-0.9.30",
              "default": true
            }
          ],
          "store_path": "/nix/store/6mms7wdm4idyii2cxnsv9w58krq5jmzl-uv-0.9.30"
        },
        "x86_64-darwin": {
          "outputs": [
            {
              "name": "out",
              "path": "/nix/store/8d9yfpn4vabzi19mf38kqrfj2173r8v7-uv-0.9.30",
              "default": true
            }
          ],
          "store_path": "/nix/store/8d9yfpn4vabzi19mf38kqrfj2173r8v7-uv-0.9.30"
        },
        "x86_64-linux": {
          "outputs": [
            {
              "name": "out",
              "path": "/nix/store/4lz53nhbgq90zns1a9anmhaxsz2bhqxs-uv-0.9.30",
              "default": true
            }
          ],
          "store_path": "/nix/store/4lz53nhbgq90zns1a9anmhaxsz2bhqxs-uv-0.9.30"
        }
      }
    }
  }
}
