{
  "lockfile_version": "1",
  "packages": {
    "direnv@latest": {
      "last_modified": "2025-02-07T11:26:36Z",
      "resolved": "github:NixOS/nixpkgs/d98abf5cf5914e5e4e9d57205e3af55ca90ffc1d#direnv",
      "source": "devbox-search",
      "version": "2.35.0",
      "systems": {
        "aarch64-darwin": {
          "outputs": [
            {
              "name": "out",
              "path": "/nix/store/4dg5yb1b41ygk74ghib220aics90p44m-direnv-2.35.0",
              "default": true
            }
          ],
          "store_path": "/nix/store/4dg5yb1b41ygk74ghib220aics90p44m-direnv-2.35.0"
        },
        "aarch64-linux": {
          "outputs": [
            {
              "name": "out",
              "path": "/nix/store/98b4ajy1yar6iv0kd4zih7q07p1mg223-direnv-2.35.0",
              "default": true
            }
          ],
          "store_path": "/nix/store/98b4ajy1yar6iv0kd4zih7q07p1mg223-direnv-2.35.0"
        },
        "x86_64-darwin": {
          "outputs": [
            {
              "name": "out",
              "path": "/nix/store/3zjm59hmy9j95j553dfn1mhqb3kjglmy-direnv-2.35.0",
              "default": true
            }
          ],
          "store_path": "/nix/store/3zjm59hmy9j95j553dfn1mhqb3kjglmy-direnv-2.35.0"
        },
        "x86_64-linux": {
          "outputs": [
            {
              "name": "out",
              "path": "/nix/store/g7yx0vj7bykfpp27klsa12fcx7pn3sqv-direnv-2.35.0",
              "default": true
            }
          ],
          "store_path": "/nix/store/g7yx0vj7bykfpp27klsa12fcx7pn3sqv-direnv-2.35.0"
        }
      }
    },
    "flyctl@latest": {
      "last_modified": "2025-02-23T09:42:26Z",
      "resolved": "github:NixOS/nixpkgs/2d068ae5c6516b2d04562de50a58c682540de9bf#flyctl",
      "source": "devbox-search",
      "version": "0.3.85",
      "systems": {
        "aarch64-darwin": {
          "outputs": [
            {
              "name": "out",
              "path": "/nix/store/zbrrb4p7fili0gcshxj3i8zcw71zlhzk-flyctl-0.3.85",
              "default": true
            }
          ],
          "store_path": "/nix/store/zbrrb4p7fili0gcshxj3i8zcw71zlhzk-flyctl-0.3.85"
        },
        "aarch64-linux": {
          "outputs": [
            {
              "name": "out",
              "path": "/nix/store/ph6xkjqlsbdv6242xz2janf6vblm31ga-flyctl-0.3.85",
              "default": true
            }
          ],
          "store_path": "/nix/store/ph6xkjqlsbdv6242xz2janf6vblm31ga-flyctl-0.3.85"
        },
        "x86_64-darwin": {
          "outputs": [
            {
              "name": "out",
              "path": "/nix/store/4zaxk1425a10rv4ac82rk21m0i0k4kiv-flyctl-0.3.85",
              "default": true
            }
          ],
          "store_path": "/nix/store/4zaxk1425a10rv4ac82rk21m0i0k4kiv-flyctl-0.3.85"
        },
        "x86_64-linux": {
          "outputs": [
            {
              "name": "out",
              "path": "/nix/store/bq3wqx5xjm6s0r8yn13w0vdixw3m1wcd-flyctl-0.3.85",
              "default": true
            }
          ],
          "store_path": "/nix/store/bq3wqx5xjm6s0r8yn13w0vdixw3m1wcd-flyctl-0.3.85"
        }
      }
    },
    "github:NixOS/nixpkgs/nixpkgs-unstable": {
      "resolved": "github:NixOS/nixpkgs/de0fe301211c267807afd11b12613f5511ff7433?lastModified=1741310760&narHash=sha256-aizILFrPgq%2FW53Jw8i0a1h1GZAAKtlYOrG%2FA5r46gVM%3D"
    },
    "go-task@latest": {
      "last_modified": "2025-02-07T11:26:36Z",
      "resolved": "github:NixOS/nixpkgs/d98abf5cf5914e5e4e9d57205e3af55ca90ffc1d#go-task",
      "source": "devbox-search",
      "version": "3.41.0",
      "systems": {
        "aarch64-darwin": {
          "outputs": [
            {
              "name": "out",
              "path": "/nix/store/m0zc229zl4nfi9800dvxikyp31davmgl-go-task-3.41.0",
              "default": true
            }
          ],
          "store_path": "/nix/store/m0zc229zl4nfi9800dvxikyp31davmgl-go-task-3.41.0"
        },
        "aarch64-linux": {
          "outputs": [
            {
              "name": "out",
              "path": "/nix/store/3yg6irq9bdr34krjp0nbrrpd8gzfr4ag-go-task-3.41.0",
              "default": true
            }
          ],
          "store_path": "/nix/store/3yg6irq9bdr34krjp0nbrrpd8gzfr4ag-go-task-3.41.0"
        },
        "x86_64-darwin": {
          "outputs": [
            {
              "name": "out",
              "path": "/nix/store/slgvld5bfxl4caqi5jwwd583ay12cikj-go-task-3.41.0",
              "default": true
            }
          ],
          "store_path": "/nix/store/slgvld5bfxl4caqi5jwwd583ay12cikj-go-task-3.41.0"
        },
        "x86_64-linux": {
          "outputs": [
            {
              "name": "out",
              "path": "/nix/store/jn35gb9isnqzr9mfwhmig40c6iflmadz-go-task-3.41.0",
              "default": true
            }
          ],
          "store_path": "/nix/store/jn35gb9isnqzr9mfwhmig40c6iflmadz-go-task-3.41.0"
        }
      }
    },
    "go@latest": {
      "last_modified": "2025-02-12T00:10:52Z",
      "resolved": "github:NixOS/nixpkgs/83a2581c81ff5b06f7c1a4e7cc736a455dfcf7b4#go_1_24",
      "source": "devbox-search",
      "version": "1.24.0",
      "systems": {
        "aarch64-darwin": {
          "outputs": [
            {
              "name": "out",
              "path": "/nix/store/qldcnifalkvyah0wnv7m4zb854yd9l88-go-1.24.0",
              "default": true
            }
          ],
          "store_path": "/nix/store/qldcnifalkvyah0wnv7m4zb854yd9l88-go-1.24.0"
        },
        "aarch64-linux": {
          "outputs": [
            {
              "name": "out",
              "path": "/nix/store/rrxgml7w4pfmibjbspkdvrw8vd2vnarb-go-1.24.0",
              "default": true
            }
          ],
          "store_path": "/nix/store/rrxgml7w4pfmibjbspkdvrw8vd2vnarb-go-1.24.0"
        },
        "x86_64-darwin": {
          "outputs": [
            {
              "name": "out",
              "path": "/nix/store/7imv22pl4qrjwvi6jzlfb305rc2min45-go-1.24.0",
              "default": true
            }
          ],
          "store_path": "/nix/store/7imv22pl4qrjwvi6jzlfb305rc2min45-go-1.24.0"
        },
        "x86_64-linux": {
          "outputs": [
            {
              "name": "out",
              "path": "/nix/store/vh5d5bj1sljdhdypy80x1ydx2jx6rv2q-go-1.24.0",
              "default": true
            }
          ],
          "store_path": "/nix/store/vh5d5bj1sljdhdypy80x1ydx2jx6rv2q-go-1.24.0"
        }
      }
    },
    "php84Extensions.redis@latest": {
      "last_modified": "2025-02-17T23:19:04Z",
      "resolved": "github:NixOS/nixpkgs/f0295845e58ada369322524631821b01c0db13a7#php84Extensions.redis",
      "source": "devbox-search",
      "version": "6.1.0",
      "systems": {
        "aarch64-darwin": {
          "outputs": [
            {
              "name": "out",
              "path": "/nix/store/i1l9dqf9gcs1ggvmdrgnmqmn7hps71lv-php-redis-6.1.0",
              "default": true
            }
          ],
          "store_path": "/nix/store/i1l9dqf9gcs1ggvmdrgnmqmn7hps71lv-php-redis-6.1.0"
        },
        "aarch64-linux": {
          "outputs": [
            {
              "name": "out",
              "path": "/nix/store/a8cf7mivinb8j2j9hgznw0i3z2jdbcdx-php-redis-6.1.0",
              "default": true
            }
          ],
          "store_path": "/nix/store/a8cf7mivinb8j2j9hgznw0i3z2jdbcdx-php-redis-6.1.0"
        },
        "x86_64-darwin": {
          "outputs": [
            {
              "name": "out",
              "path": "/nix/store/sqkyrh1j1jjmq3bx34349iyzx9qij9df-php-redis-6.1.0",
              "default": true
            }
          ],
          "store_path": "/nix/store/sqkyrh1j1jjmq3bx34349iyzx9qij9df-php-redis-6.1.0"
        },
        "x86_64-linux": {
          "outputs": [
            {
              "name": "out",
              "path": "/nix/store/c14a8q0ddgkwj775xnwswzdpfmainn5s-php-redis-6.1.0",
              "default": true
            }
          ],
          "store_path": "/nix/store/c14a8q0ddgkwj775xnwswzdpfmainn5s-php-redis-6.1.0"
        }
      }
    },
    "php84Extensions.xdebug@latest": {
      "last_modified": "2025-02-17T23:19:04Z",
      "resolved": "github:NixOS/nixpkgs/f0295845e58ada369322524631821b01c0db13a7#php84Extensions.xdebug",
      "source": "devbox-search",
      "version": "3.4.1",
      "systems": {
        "aarch64-darwin": {
          "outputs": [
            {
              "name": "out",
              "path": "/nix/store/29r9d7k8zb7rqc005hibwf9zz7jfpkbc-php-xdebug-3.4.1",
              "default": true
            }
          ],
          "store_path": "/nix/store/29r9d7k8zb7rqc005hibwf9zz7jfpkbc-php-xdebug-3.4.1"
        },
        "aarch64-linux": {
          "outputs": [
            {
              "name": "out",
              "path": "/nix/store/68gh1cdc500lpclmn2z4iicy0ahblfx2-php-xdebug-3.4.1",
              "default": true
            }
          ],
          "store_path": "/nix/store/68gh1cdc500lpclmn2z4iicy0ahblfx2-php-xdebug-3.4.1"
        },
        "x86_64-darwin": {
          "outputs": [
            {
              "name": "out",
              "path": "/nix/store/80f8sfnhsyah0m732hgbil7dnj67pnzp-php-xdebug-3.4.1",
              "default": true
            }
          ],
          "store_path": "/nix/store/80f8sfnhsyah0m732hgbil7dnj67pnzp-php-xdebug-3.4.1"
        },
        "x86_64-linux": {
          "outputs": [
            {
              "name": "out",
              "path": "/nix/store/9pafx0l7kv4895dydv72lr7pcsvcj29k-php-xdebug-3.4.1",
              "default": true
            }
          ],
          "store_path": "/nix/store/9pafx0l7kv4895dydv72lr7pcsvcj29k-php-xdebug-3.4.1"
        }
      }
    },
    "php@8.4.5": {
      "last_modified": "2025-03-31T17:23:37Z",
      "plugin_version": "0.0.3",
      "resolved": "github:NixOS/nixpkgs/3eeaa42ef4c19447b48d1c676fe59077dfd0846e#php",
      "source": "devbox-search",
      "version": "8.4.5",
      "systems": {
        "aarch64-darwin": {
          "outputs": [
            {
              "name": "out",
              "path": "/nix/store/6lhn4iy98zjryz544cl2rzi1mvc0xzx9-php-with-extensions-8.4.5",
              "default": true
            }
          ],
          "store_path": "/nix/store/6lhn4iy98zjryz544cl2rzi1mvc0xzx9-php-with-extensions-8.4.5"
        },
        "aarch64-linux": {
          "outputs": [
            {
              "name": "out",
              "path": "/nix/store/gdkg725jp83k3x30hyjka9klxx7wd85c-php-with-extensions-8.4.5",
              "default": true
            }
          ],
          "store_path": "/nix/store/gdkg725jp83k3x30hyjka9klxx7wd85c-php-with-extensions-8.4.5"
        },
        "x86_64-darwin": {
          "outputs": [
            {
              "name": "out",
              "path": "/nix/store/6gvdx8ygar2k9abs7f5qg1qzlkdmrvvz-php-with-extensions-8.4.5",
              "default": true
            }
          ],
          "store_path": "/nix/store/6gvdx8ygar2k9abs7f5qg1qzlkdmrvvz-php-with-extensions-8.4.5"
        },
        "x86_64-linux": {
          "outputs": [
            {
              "name": "out",
              "path": "/nix/store/93gwy8p7yry67sajrfi3jjybnigwxnv0-php-with-extensions-8.4.5",
              "default": true
            }
          ],
          "store_path": "/nix/store/93gwy8p7yry67sajrfi3jjybnigwxnv0-php-with-extensions-8.4.5"
        }
      }
    },
    "symfony-cli@latest": {
      "last_modified": "2025-02-27T15:48:43Z",
      "resolved": "github:NixOS/nixpkgs/6c5c5f5100281f8f4ff23f13edd17d645178c87c#symfony-cli",
      "source": "devbox-search",
      "version": "5.11.0",
      "systems": {
        "aarch64-darwin": {
          "outputs": [
            {
              "name": "out",
              "path": "/nix/store/72d907ry8wjnv5j0x98353zqs7l9l8aa-symfony-cli-5.11.0",
              "default": true
            }
          ],
          "store_path": "/nix/store/72d907ry8wjnv5j0x98353zqs7l9l8aa-symfony-cli-5.11.0"
        },
        "aarch64-linux": {
          "outputs": [
            {
              "name": "out",
              "path": "/nix/store/q3fffjgj724b3fxk3xf2xiyknhgi9z0m-symfony-cli-5.11.0",
              "default": true
            }
          ],
          "store_path": "/nix/store/q3fffjgj724b3fxk3xf2xiyknhgi9z0m-symfony-cli-5.11.0"
        },
        "x86_64-darwin": {
          "outputs": [
            {
              "name": "out",
              "path": "/nix/store/ixxazr00lbal2wy3h8raim54w3c4r1x3-symfony-cli-5.11.0",
              "default": true
            }
          ],
          "store_path": "/nix/store/ixxazr00lbal2wy3h8raim54w3c4r1x3-symfony-cli-5.11.0"
        },
        "x86_64-linux": {
          "outputs": [
            {
              "name": "out",
              "path": "/nix/store/xgdmv99382ajpc24j290qn08qky5jpn7-symfony-cli-5.11.0",
              "default": true
            }
          ],
          "store_path": "/nix/store/xgdmv99382ajpc24j290qn08qky5jpn7-symfony-cli-5.11.0"
        }
      }
    },
    "uv@latest": {
      "last_modified": "2025-02-26T05:29:08Z",
      "resolved": "github:NixOS/nixpkgs/3a05eebede89661660945da1f151959900903b6a#uv",
      "source": "devbox-search",
      "version": "0.6.3",
      "systems": {
        "aarch64-darwin": {
          "outputs": [
            {
              "name": "out",
              "path": "/nix/store/ggkfphls3j4npq7ziviqabl33gly4ma4-uv-0.6.3",
              "default": true
            }
          ],
          "store_path": "/nix/store/ggkfphls3j4npq7ziviqabl33gly4ma4-uv-0.6.3"
        },
        "aarch64-linux": {
          "outputs": [
            {
              "name": "out",
              "path": "/nix/store/yzacw5z4mbbnhqyp49mj2q4bdahrzj27-uv-0.6.3",
              "default": true
            }
          ],
          "store_path": "/nix/store/yzacw5z4mbbnhqyp49mj2q4bdahrzj27-uv-0.6.3"
        },
        "x86_64-darwin": {
          "outputs": [
            {
              "name": "out",
              "path": "/nix/store/ppchmxl2vivavg3842gpqbsppj38jqw8-uv-0.6.3",
              "default": true
            }
          ],
          "store_path": "/nix/store/ppchmxl2vivavg3842gpqbsppj38jqw8-uv-0.6.3"
        },
        "x86_64-linux": {
          "outputs": [
            {
              "name": "out",
              "path": "/nix/store/7hd62phgfp42m1bvmm0c82vnmv3x0yl8-uv-0.6.3",
              "default": true
            }
          ],
          "store_path": "/nix/store/7hd62phgfp42m1bvmm0c82vnmv3x0yl8-uv-0.6.3"
        }
      }
    }
  }
}
