{
  "lockfile_version": "1",
  "packages": {
    "direnv@2.37.1": {
      "last_modified": "2025-09-18T16:33:27Z",
      "resolved": "github:NixOS/nixpkgs/f4b140d5b253f5e2a1ff4e5506edbf8267724bde#direnv",
      "source": "devbox-search",
      "version": "2.37.1",
      "systems": {
        "aarch64-darwin": {
          "outputs": [
            {
              "name": "out",
              "path": "/nix/store/4s62n5jlr83x61jj849qab86jzayis8l-direnv-2.37.1",
              "default": true
            }
          ],
          "store_path": "/nix/store/4s62n5jlr83x61jj849qab86jzayis8l-direnv-2.37.1"
        },
        "aarch64-linux": {
          "outputs": [
            {
              "name": "out",
              "path": "/nix/store/3wkdy8q4m30y855di77b7pgmb6xqn9sb-direnv-2.37.1",
              "default": true
            }
          ],
          "store_path": "/nix/store/3wkdy8q4m30y855di77b7pgmb6xqn9sb-direnv-2.37.1"
        },
        "x86_64-darwin": {
          "outputs": [
            {
              "name": "out",
              "path": "/nix/store/qlhqwj79vsyl3zk4a055s83zm9jk7jj3-direnv-2.37.1",
              "default": true
            }
          ],
          "store_path": "/nix/store/qlhqwj79vsyl3zk4a055s83zm9jk7jj3-direnv-2.37.1"
        },
        "x86_64-linux": {
          "outputs": [
            {
              "name": "out",
              "path": "/nix/store/4qdw7vf42v66daia1b5cmgmhbqdziash-direnv-2.37.1",
              "default": true
            }
          ],
          "store_path": "/nix/store/4qdw7vf42v66daia1b5cmgmhbqdziash-direnv-2.37.1"
        }
      }
    },
    "flyctl@0.3.172": {
      "last_modified": "2025-09-18T16:33:27Z",
      "resolved": "github:NixOS/nixpkgs/f4b140d5b253f5e2a1ff4e5506edbf8267724bde#flyctl",
      "source": "devbox-search",
      "version": "0.3.172",
      "systems": {
        "aarch64-darwin": {
          "outputs": [
            {
              "name": "out",
              "path": "/nix/store/7kyv2sdwkqcbba35qxdfbxg6c33qsmd1-flyctl-0.3.172",
              "default": true
            }
          ],
          "store_path": "/nix/store/7kyv2sdwkqcbba35qxdfbxg6c33qsmd1-flyctl-0.3.172"
        },
        "aarch64-linux": {
          "outputs": [
            {
              "name": "out",
              "path": "/nix/store/v9p1yg87cakrvmvj8cr5favj6xhxcj5q-flyctl-0.3.172",
              "default": true
            }
          ],
          "store_path": "/nix/store/v9p1yg87cakrvmvj8cr5favj6xhxcj5q-flyctl-0.3.172"
        },
        "x86_64-darwin": {
          "outputs": [
            {
              "name": "out",
              "path": "/nix/store/6a8cp3m1pqiq01l1v2nccn016vg8dw86-flyctl-0.3.172",
              "default": true
            }
          ],
          "store_path": "/nix/store/6a8cp3m1pqiq01l1v2nccn016vg8dw86-flyctl-0.3.172"
        },
        "x86_64-linux": {
          "outputs": [
            {
              "name": "out",
              "path": "/nix/store/0zqb85bc5ashrqanpfc3ylvhnzbmri0k-flyctl-0.3.172",
              "default": true
            }
          ],
          "store_path": "/nix/store/0zqb85bc5ashrqanpfc3ylvhnzbmri0k-flyctl-0.3.172"
        }
      }
    },
    "go-task@3.45.4": {
      "last_modified": "2025-10-07T08:41:47Z",
      "resolved": "github:NixOS/nixpkgs/bce5fe2bb998488d8e7e7856315f90496723793c#go-task",
      "source": "devbox-search",
      "version": "3.45.4",
      "systems": {
        "aarch64-darwin": {
          "outputs": [
            {
              "name": "out",
              "path": "/nix/store/jpyzi7ph07mxn64vr684rn4sn81rmdbv-go-task-3.45.4",
              "default": true
            }
          ],
          "store_path": "/nix/store/jpyzi7ph07mxn64vr684rn4sn81rmdbv-go-task-3.45.4"
        },
        "aarch64-linux": {
          "outputs": [
            {
              "name": "out",
              "path": "/nix/store/bhkmm0w7wmgncwvn8gmbsn254n0r9app-go-task-3.45.4",
              "default": true
            }
          ],
          "store_path": "/nix/store/bhkmm0w7wmgncwvn8gmbsn254n0r9app-go-task-3.45.4"
        },
        "x86_64-darwin": {
          "outputs": [
            {
              "name": "out",
              "path": "/nix/store/pv4fd2995ys0dd4rvsqcn6cd2q2qi98s-go-task-3.45.4",
              "default": true
            }
          ],
          "store_path": "/nix/store/pv4fd2995ys0dd4rvsqcn6cd2q2qi98s-go-task-3.45.4"
        },
        "x86_64-linux": {
          "outputs": [
            {
              "name": "out",
              "path": "/nix/store/535z3a3p7hwdg4g3w4f4ssq44vnqsxqh-go-task-3.45.4",
              "default": true
            }
          ],
          "store_path": "/nix/store/535z3a3p7hwdg4g3w4f4ssq44vnqsxqh-go-task-3.45.4"
        }
      }
    },
    "go@1.25.2": {
      "last_modified": "2025-10-22T20:59:19Z",
      "resolved": "github:NixOS/nixpkgs/01b6809f7f9d1183a2b3e081f0a1e6f8f415cb09#go",
      "source": "devbox-search",
      "version": "1.25.2",
      "systems": {
        "aarch64-darwin": {
          "outputs": [
            {
              "name": "out",
              "path": "/nix/store/nkhf1yv637cp91y79zap7jxmm98v8pvj-go-1.25.2",
              "default": true
            }
          ],
          "store_path": "/nix/store/nkhf1yv637cp91y79zap7jxmm98v8pvj-go-1.25.2"
        },
        "aarch64-linux": {
          "outputs": [
            {
              "name": "out",
              "path": "/nix/store/p1d8jb1k4db3aiqwyp8b1kw4mja3qygx-go-1.25.2",
              "default": true
            }
          ],
          "store_path": "/nix/store/p1d8jb1k4db3aiqwyp8b1kw4mja3qygx-go-1.25.2"
        },
        "x86_64-darwin": {
          "outputs": [
            {
              "name": "out",
              "path": "/nix/store/xvwacgkf3x446qq3mdsh3v13f8935wa3-go-1.25.2",
              "default": true
            }
          ],
          "store_path": "/nix/store/xvwacgkf3x446qq3mdsh3v13f8935wa3-go-1.25.2"
        },
        "x86_64-linux": {
          "outputs": [
            {
              "name": "out",
              "path": "/nix/store/k1kn1c59ss7nq6agdppzq3krwmi3xqy4-go-1.25.2",
              "default": true
            }
          ],
          "store_path": "/nix/store/k1kn1c59ss7nq6agdppzq3krwmi3xqy4-go-1.25.2"
        }
      }
    },
    "mkcert@1.4.4": {
      "last_modified": "2025-10-07T08:41:47Z",
      "resolved": "github:NixOS/nixpkgs/bce5fe2bb998488d8e7e7856315f90496723793c#mkcert",
      "source": "devbox-search",
      "version": "1.4.4",
      "systems": {
        "aarch64-darwin": {
          "outputs": [
            {
              "name": "out",
              "path": "/nix/store/1ggh4hv381klhj15j5dxla3q3lm49szq-mkcert-1.4.4",
              "default": true
            }
          ],
          "store_path": "/nix/store/1ggh4hv381klhj15j5dxla3q3lm49szq-mkcert-1.4.4"
        },
        "aarch64-linux": {
          "outputs": [
            {
              "name": "out",
              "path": "/nix/store/4zffl2ka04k2z6pi607r6xgy1waspg3f-mkcert-1.4.4",
              "default": true
            }
          ],
          "store_path": "/nix/store/4zffl2ka04k2z6pi607r6xgy1waspg3f-mkcert-1.4.4"
        },
        "x86_64-darwin": {
          "outputs": [
            {
              "name": "out",
              "path": "/nix/store/4psnrxk8sr5f5rri13dgryyzplfv76ij-mkcert-1.4.4",
              "default": true
            }
          ],
          "store_path": "/nix/store/4psnrxk8sr5f5rri13dgryyzplfv76ij-mkcert-1.4.4"
        },
        "x86_64-linux": {
          "outputs": [
            {
              "name": "out",
              "path": "/nix/store/jrx8k79p5vnx1pw7fi2ji0sikgj2ylrm-mkcert-1.4.4",
              "default": true
            }
          ],
          "store_path": "/nix/store/jrx8k79p5vnx1pw7fi2ji0sikgj2ylrm-mkcert-1.4.4"
        }
      }
    },
    "php84Extensions.redis@6.2.0": {
      "last_modified": "2025-09-18T16:33:27Z",
      "resolved": "github:NixOS/nixpkgs/f4b140d5b253f5e2a1ff4e5506edbf8267724bde#php84Extensions.redis",
      "source": "devbox-search",
      "version": "6.2.0",
      "systems": {
        "aarch64-darwin": {
          "outputs": [
            {
              "name": "out",
              "path": "/nix/store/j3lx1ywhm1nrbg8xa17li7sapk9qw988-php-redis-6.2.0",
              "default": true
            }
          ],
          "store_path": "/nix/store/j3lx1ywhm1nrbg8xa17li7sapk9qw988-php-redis-6.2.0"
        },
        "aarch64-linux": {
          "outputs": [
            {
              "name": "out",
              "path": "/nix/store/ql6ik3f40szp75r3cia6sd4lfp1mdwrn-php-redis-6.2.0",
              "default": true
            }
          ],
          "store_path": "/nix/store/ql6ik3f40szp75r3cia6sd4lfp1mdwrn-php-redis-6.2.0"
        },
        "x86_64-darwin": {
          "outputs": [
            {
              "name": "out",
              "path": "/nix/store/2kcl3b32sbddzgj684r3hix4j22j9hrk-php-redis-6.2.0",
              "default": true
            }
          ],
          "store_path": "/nix/store/2kcl3b32sbddzgj684r3hix4j22j9hrk-php-redis-6.2.0"
        },
        "x86_64-linux": {
          "outputs": [
            {
              "name": "out",
              "path": "/nix/store/6bvprqwgjgy1r52jbvh685iz0kw2p6im-php-redis-6.2.0",
              "default": true
            }
          ],
          "store_path": "/nix/store/6bvprqwgjgy1r52jbvh685iz0kw2p6im-php-redis-6.2.0"
        }
      }
    },
    "php84Extensions.xdebug@3.4.7": {
      "last_modified": "2025-11-02T15:04:35Z",
      "resolved": "github:NixOS/nixpkgs/a3e67ddfeb2e04ef6ae3fddc8aae678696b08714#php84Extensions.xdebug",
      "source": "devbox-search",
      "version": "3.4.7",
      "systems": {
        "aarch64-darwin": {
          "outputs": [
            {
              "name": "out",
              "path": "/nix/store/3wmaiz07b3n4acwx1ggwnmri4j1hvfxr-php-xdebug-3.4.7",
              "default": true
            }
          ],
          "store_path": "/nix/store/3wmaiz07b3n4acwx1ggwnmri4j1hvfxr-php-xdebug-3.4.7"
        },
        "aarch64-linux": {
          "outputs": [
            {
              "name": "out",
              "path": "/nix/store/3bgqlbcr831izdcm8ayg9fll810ndnk0-php-xdebug-3.4.7",
              "default": true
            }
          ],
          "store_path": "/nix/store/3bgqlbcr831izdcm8ayg9fll810ndnk0-php-xdebug-3.4.7"
        },
        "x86_64-darwin": {
          "outputs": [
            {
              "name": "out",
              "path": "/nix/store/zfwcn2d91rq1x94iz7ipzwc2prjnh6pz-php-xdebug-3.4.7",
              "default": true
            }
          ],
          "store_path": "/nix/store/zfwcn2d91rq1x94iz7ipzwc2prjnh6pz-php-xdebug-3.4.7"
        },
        "x86_64-linux": {
          "outputs": [
            {
              "name": "out",
              "path": "/nix/store/jg1w72mjlp7kksig6zfgg6cfxn5z4h3f-php-xdebug-3.4.7",
              "default": true
            }
          ],
          "store_path": "/nix/store/jg1w72mjlp7kksig6zfgg6cfxn5z4h3f-php-xdebug-3.4.7"
        }
      }
    },
    "php@8.4.14": {
      "last_modified": "2025-11-02T15:04:35Z",
      "plugin_version": "0.0.3",
      "resolved": "github:NixOS/nixpkgs/a3e67ddfeb2e04ef6ae3fddc8aae678696b08714#php",
      "source": "devbox-search",
      "version": "8.4.14",
      "systems": {
        "aarch64-darwin": {
          "outputs": [
            {
              "name": "out",
              "path": "/nix/store/nsybw5k5jcqwccbgslfq5psmqh3x3svs-php-with-extensions-8.4.14",
              "default": true
            }
          ],
          "store_path": "/nix/store/nsybw5k5jcqwccbgslfq5psmqh3x3svs-php-with-extensions-8.4.14"
        },
        "aarch64-linux": {
          "outputs": [
            {
              "name": "out",
              "path": "/nix/store/n4s7my281h92flbhi9d6hql1psxljfsj-php-with-extensions-8.4.14",
              "default": true
            }
          ],
          "store_path": "/nix/store/n4s7my281h92flbhi9d6hql1psxljfsj-php-with-extensions-8.4.14"
        },
        "x86_64-darwin": {
          "outputs": [
            {
              "name": "out",
              "path": "/nix/store/gnv0i4k3jif6w0kvarnn0idsl0l6v6l2-php-with-extensions-8.4.14",
              "default": true
            }
          ],
          "store_path": "/nix/store/gnv0i4k3jif6w0kvarnn0idsl0l6v6l2-php-with-extensions-8.4.14"
        },
        "x86_64-linux": {
          "outputs": [
            {
              "name": "out",
              "path": "/nix/store/8jv5qi0p53mnf6w6106dxcwg0vk5c53a-php-with-extensions-8.4.14",
              "default": true
            }
          ],
          "store_path": "/nix/store/8jv5qi0p53mnf6w6106dxcwg0vk5c53a-php-with-extensions-8.4.14"
        }
      }
    },
    "symfony-cli@5.14.2": {
      "last_modified": "2025-10-07T08:41:47Z",
      "resolved": "github:NixOS/nixpkgs/bce5fe2bb998488d8e7e7856315f90496723793c#symfony-cli",
      "source": "devbox-search",
      "version": "5.14.2",
      "systems": {
        "aarch64-darwin": {
          "outputs": [
            {
              "name": "out",
              "path": "/nix/store/vpksjd5hyysd9rbq62621p08imfhkg6z-symfony-cli-5.14.2",
              "default": true
            }
          ],
          "store_path": "/nix/store/vpksjd5hyysd9rbq62621p08imfhkg6z-symfony-cli-5.14.2"
        },
        "aarch64-linux": {
          "outputs": [
            {
              "name": "out",
              "path": "/nix/store/b3gph265pj977z381jxg4ka5fxi6vxgb-symfony-cli-5.14.2",
              "default": true
            }
          ],
          "store_path": "/nix/store/b3gph265pj977z381jxg4ka5fxi6vxgb-symfony-cli-5.14.2"
        },
        "x86_64-darwin": {
          "outputs": [
            {
              "name": "out",
              "path": "/nix/store/crc1q7pplxxixzdfi6fz2ackwkcs3ld5-symfony-cli-5.14.2",
              "default": true
            }
          ],
          "store_path": "/nix/store/crc1q7pplxxixzdfi6fz2ackwkcs3ld5-symfony-cli-5.14.2"
        },
        "x86_64-linux": {
          "outputs": [
            {
              "name": "out",
              "path": "/nix/store/bqyfhdfva8hlgvk559g6ilqb5yf6xkaz-symfony-cli-5.14.2",
              "default": true
            }
          ],
          "store_path": "/nix/store/bqyfhdfva8hlgvk559g6ilqb5yf6xkaz-symfony-cli-5.14.2"
        }
      }
    },
    "uv@0.8.23": {
      "last_modified": "2025-10-22T20:59:19Z",
      "resolved": "github:NixOS/nixpkgs/01b6809f7f9d1183a2b3e081f0a1e6f8f415cb09#uv",
      "source": "devbox-search",
      "version": "0.8.23",
      "systems": {
        "aarch64-darwin": {
          "outputs": [
            {
              "name": "out",
              "path": "/nix/store/3q234qjj0cvdb8yjaiq64gk2q7r1nwcx-uv-0.8.23",
              "default": true
            }
          ],
          "store_path": "/nix/store/3q234qjj0cvdb8yjaiq64gk2q7r1nwcx-uv-0.8.23"
        },
        "aarch64-linux": {
          "outputs": [
            {
              "name": "out",
              "path": "/nix/store/ymbshk79amchwmhvnh8xh5f1608a3p80-uv-0.8.23",
              "default": true
            }
          ],
          "store_path": "/nix/store/ymbshk79amchwmhvnh8xh5f1608a3p80-uv-0.8.23"
        },
        "x86_64-darwin": {
          "outputs": [
            {
              "name": "out",
              "path": "/nix/store/lnl1zz7f97pqj6bqzqpglf0lhgcy5pk0-uv-0.8.23",
              "default": true
            }
          ],
          "store_path": "/nix/store/lnl1zz7f97pqj6bqzqpglf0lhgcy5pk0-uv-0.8.23"
        },
        "x86_64-linux": {
          "outputs": [
            {
              "name": "out",
              "path": "/nix/store/n6chrdybb91npp8gvf8mjk55smx4sn8s-uv-0.8.23",
              "default": true
            }
          ],
          "store_path": "/nix/store/n6chrdybb91npp8gvf8mjk55smx4sn8s-uv-0.8.23"
        }
      }
    }
  }
}
